
Microsoft Visual Studio Solution File, Format Version 12.00
# Visual Studio Version 16
VisualStudioVersion = 16.0.31205.134
MinimumVisualStudioVersion = 10.0.40219.1
Project("{FAE04EC0-301F-11D3-BF4B-00C04F79EFBC}") = "Movie List Lab 7", "Movie List Lab 7\Movie List Lab 7.csproj", "{8272C2A1-3210-4DB9-BFB8-E0DF425E20D8}"
EndProject
Global
	GlobalSection(SolutionConfigurationPlatforms) = preSolution
		Debug|Any CPU = Debug|Any CPU
		Release|Any CPU = Release|Any CPU
	EndGlobalSection
	GlobalSection(ProjectConfigurationPlatforms) = postSolution
		{8272C2A1-3210-4DB9-BFB8-E0DF425E20D8}.Debug|Any CPU.ActiveCfg = Debug|Any CPU
		{8272C2A1-3210-4DB9-BFB8-E0DF425E20D8}.Debug|Any CPU.Build.0 = Debug|Any CPU
		{8272C2A1-3210-4DB9-BFB8-E0DF425E20D8}.Release|Any CPU.ActiveCfg = Release|Any CPU
		{8272C2A1-3210-4DB9-BFB8-E0DF425E20D8}.Release|Any CPU.Build.0 = Release|Any CPU
	EndGlobalSection
	GlobalSection(SolutionProperties) = preSolution
		HideSolutionNode = FALSE
	EndGlobalSection
	GlobalSection(ExtensibilityGlobals) = postSolution
		SolutionGuid = {F5AD87FE-4DCA-4DEC-8C4D-1FF9212B1DE9}
	EndGlobalSection
EndGlobal
